
Microsoft Visual Studio Solution File, Format Version 12.00
# Visual Studio Version 16
VisualStudioVersion = 16.0.30204.135
MinimumVisualStudioVersion = 10.0.40219.1
Project("{FAE04EC0-301F-11D3-BF4B-00C04F79EFBC}") = "CaroDACS", "CaroDACS\CaroDACS.csproj", "{A98294BC-77B6-47E8-93EB-0FAB156E41CD}"
EndProject
Global
	GlobalSection(SolutionConfigurationPlatforms) = preSolution
		Debug|Any CPU = Debug|Any CPU
		Release|Any CPU = Release|Any CPU
	EndGlobalSection
	GlobalSection(ProjectConfigurationPlatforms) = postSolution
		{A98294BC-77B6-47E8-93EB-0FAB156E41CD}.Debug|Any CPU.ActiveCfg = Debug|Any CPU
		{A98294BC-77B6-47E8-93EB-0FAB156E41CD}.Debug|Any CPU.Build.0 = Debug|Any CPU
		{A98294BC-77B6-47E8-93EB-0FAB156E41CD}.Release|Any CPU.ActiveCfg = Release|Any CPU
		{A98294BC-77B6-47E8-93EB-0FAB156E41CD}.Release|Any CPU.Build.0 = Release|Any CPU
	EndGlobalSection
	GlobalSection(SolutionProperties) = preSolution
		HideSolutionNode = FALSE
	EndGlobalSection
	GlobalSection(ExtensibilityGlobals) = postSolution
		SolutionGuid = {A64FD07E-D4DF-426B-8BB4-0CA97023B52A}
	EndGlobalSection
EndGlobal
